
Microsoft Visual Studio Solution File, Format Version 12.00
# Visual Studio Version 17
VisualStudioVersion = 17.6.33723.286
MinimumVisualStudioVersion = 10.0.40219.1
Project("{FAE04EC0-301F-11D3-BF4B-00C04F79EFBC}") = "PhishingDataCollector", "PhishingDataCollector\PhishingDataCollector.csproj", "{99862E5A-DB00-4CE1-9ECE-0D659B3129D2}"
EndProject
Project("{2150E333-8FDC-42A3-9474-1A3956D46DE8}") = "Elementi di soluzione", "Elementi di soluzione", "{F2B42FBA-9179-4AA2-AB34-BF0AEED7D9D7}"
	ProjectSection(SolutionItems) = preProject
		OriginIPCollection.cs = OriginIPCollection.cs
	EndProjectSection
EndProject
Global
	GlobalSection(SolutionConfigurationPlatforms) = preSolution
		Debug|Any CPU = Debug|Any CPU
		Release|Any CPU = Release|Any CPU
	EndGlobalSection
	GlobalSection(ProjectConfigurationPlatforms) = postSolution
		{99862E5A-DB00-4CE1-9ECE-0D659B3129D2}.Debug|Any CPU.ActiveCfg = Debug|Any CPU
		{99862E5A-DB00-4CE1-9ECE-0D659B3129D2}.Debug|Any CPU.Build.0 = Debug|Any CPU
		{99862E5A-DB00-4CE1-9ECE-0D659B3129D2}.Release|Any CPU.ActiveCfg = Release|Any CPU
		{99862E5A-DB00-4CE1-9ECE-0D659B3129D2}.Release|Any CPU.Build.0 = Release|Any CPU
	EndGlobalSection
	GlobalSection(SolutionProperties) = preSolution
		HideSolutionNode = FALSE
	EndGlobalSection
	GlobalSection(ExtensibilityGlobals) = postSolution
		SolutionGuid = {A4EFFF85-1E37-40E9-BFBC-8CAE49DC1A93}
	EndGlobalSection
EndGlobal
